
Microsoft Visual Studio Solution File, Format Version 12.00
# Visual Studio Version 17
VisualStudioVersion = 17.5.33530.505
MinimumVisualStudioVersion = 10.0.40219.1
Project("{FAE04EC0-301F-11D3-BF4B-00C04F79EFBC}") = "Budgify-backend", "Budgify-backend\Budgify-backend.csproj", "{A52D18B8-EF80-40F2-AF9F-9DCF7FBB85DF}"
EndProject
Global
	GlobalSection(SolutionConfigurationPlatforms) = preSolution
		Debug|Any CPU = Debug|Any CPU
		Release|Any CPU = Release|Any CPU
	EndGlobalSection
	GlobalSection(ProjectConfigurationPlatforms) = postSolution
		{A52D18B8-EF80-40F2-AF9F-9DCF7FBB85DF}.Debug|Any CPU.ActiveCfg = Debug|Any CPU
		{A52D18B8-EF80-40F2-AF9F-9DCF7FBB85DF}.Debug|Any CPU.Build.0 = Debug|Any CPU
		{A52D18B8-EF80-40F2-AF9F-9DCF7FBB85DF}.Release|Any CPU.ActiveCfg = Release|Any CPU
		{A52D18B8-EF80-40F2-AF9F-9DCF7FBB85DF}.Release|Any CPU.Build.0 = Release|Any CPU
	EndGlobalSection
	GlobalSection(SolutionProperties) = preSolution
		HideSolutionNode = FALSE
	EndGlobalSection
	GlobalSection(ExtensibilityGlobals) = postSolution
		SolutionGuid = {94D5CAF4-6C49-49B9-AF62-2AE8CB5C7AF9}
	EndGlobalSection
EndGlobal
